<?xml version="1.0" encoding="UTF-8" standalone="yes" ?>
<CodeBlocks_project_file>
	<FileVersion major="1" minor="6" />
	<Project>
		<Option title="Metro_Route_Finder" />
		<Option pch_mode="2" />
		<Option compiler="gcc" />
		<Build>
			<Target title="Debug">
				<Option output="bin/Debug/Metro_Route_Finder" prefix_auto="1" extension_auto="1" />
				<Option object_output="obj/Debug/" />
				<Option type="1" />
				<Option compiler="gcc" />
				<Compiler>
					<Add option="-g" />
				</Compiler>
			</Target>
			<Target title="Release">
				<Option output="bin/Release/Metro_Route_Finder" prefix_auto="1" extension_auto="1" />
				<Option object_output="obj/Release/" />
				<Option type="1" />
				<Option compiler="gcc" />
				<Compiler>
					<Add option="-O2" />
				</Compiler>
				<Linker>
					<Add option="-s" />
				</Linker>
			</Target>
		</Build>
		<Compiler>
			<Add option="-Wall" />
			<Add option="-fexceptions" />
		</Compiler>
		<Unit filename="MetroGraph.cpp" />
		<Unit filename="MetroGraph.h" />
		<Unit filename="Node.cpp" />
		<Unit filename="Node.h" />
		<Unit filename="Passenger.cpp" />
		<Unit filename="Passenger.h" />
		<Unit filename="RouteQueue.cpp" />
		<Unit filename="RouteQueue.h">
			<Option target="&lt;{~None~}&gt;" />
		</Unit>
		<Unit filename="Station.cpp" />
		<Unit filename="Station.h">
			<Option target="&lt;{~None~}&gt;" />
		</Unit>
		<Unit filename="Ticket.cpp" />
		<Unit filename="Ticket.h" />
		<Unit filename="Trip.cpp" />
		<Unit filename="Trip.h" />
		<Unit filename="main.cpp" />
		<Extensions />
	</Project>
</CodeBlocks_project_file>
